Microsoft Visual Studio Solution File, Format Version 12.00
# Visual Studio Version 17
VisualStudioVersion = 17.5.2.0
MinimumVisualStudioVersion = 10.0.40219.1
Project("{FAE04EC0-301F-11D3-BF4B-00C04F79EFBC}") = "TwToDo", "TwToDo.csproj", "{EAB0F2C8-F962-BC27-FF7B-52F3ED400957}"
EndProject
Global
	GlobalSection(SolutionConfigurationPlatforms) = preSolution
		Debug|Any CPU = Debug|Any CPU
		Release|Any CPU = Release|Any CPU
	EndGlobalSection
	GlobalSection(ProjectConfigurationPlatforms) = postSolution
		{EAB0F2C8-F962-BC27-FF7B-52F3ED400957}.Debug|Any CPU.ActiveCfg = Debug|Any CPU
		{EAB0F2C8-F962-BC27-FF7B-52F3ED400957}.Debug|Any CPU.Build.0 = Debug|Any CPU
		{EAB0F2C8-F962-BC27-FF7B-52F3ED400957}.Release|Any CPU.ActiveCfg = Release|Any CPU
		{EAB0F2C8-F962-BC27-FF7B-52F3ED400957}.Release|Any CPU.Build.0 = Release|Any CPU
	EndGlobalSection
	GlobalSection(SolutionProperties) = preSolution
		HideSolutionNode = FALSE
	EndGlobalSection
	GlobalSection(ExtensibilityGlobals) = postSolution
		SolutionGuid = {33D8ED16-86AB-469C-BE2B-C427B16960DF}
	EndGlobalSection
EndGlobal
